
Microsoft Visual Studio Solution File, Format Version 12.00
# Visual Studio Version 17
VisualStudioVersion = 17.4.33205.214
MinimumVisualStudioVersion = 10.0.40219.1
Project("{8BC9CEB8-8B4A-11D0-8D11-00A0C91BC942}") = "001-HelloWorld", "001-HelloWorld\001-HelloWorld.vcxproj", "{43D5F886-F51C-4CF1-8B82-8802C8F92A3D}"
EndProject
Project("{8BC9CEB8-8B4A-11D0-8D11-00A0C91BC942}") = "002-数据类型", "002-数据类型\002-数据类型.vcxproj", "{6AF47EA4-3BD4-4FCE-9EEC-CD840212D7D2}"
EndProject
Project("{8BC9CEB8-8B4A-11D0-8D11-00A0C91BC942}") = "003-运算符", "003-运算符\003-运算符.vcxproj", "{3BE5B50E-1B5C-4212-8484-4B5C01567787}"
EndProject
Project("{8BC9CEB8-8B4A-11D0-8D11-00A0C91BC942}") = "004-程序流程结构", "004-程序流程结构\004-程序流程结构.vcxproj", "{513D6BA2-B505-456D-B953-B83F24BA843A}"
EndProject
Project("{8BC9CEB8-8B4A-11D0-8D11-00A0C91BC942}") = "005-数组", "005-数组\005-数组.vcxproj", "{0156289B-F73C-4F0B-841E-B477338C27A8}"
EndProject
Project("{8BC9CEB8-8B4A-11D0-8D11-00A0C91BC942}") = "006-函数", "006-函数\006-函数.vcxproj", "{5E5F2D83-1E85-4A0D-9774-40D1AD4339A4}"
EndProject
Project("{8BC9CEB8-8B4A-11D0-8D11-00A0C91BC942}") = "007-指针", "007-指针\007-指针.vcxproj", "{F7E0B619-86EA-41D2-88AC-AF527AFA2D70}"
EndProject
Project("{8BC9CEB8-8B4A-11D0-8D11-00A0C91BC942}") = "008-结构体", "008-结构体\008-结构体.vcxproj", "{B425A56B-9BD2-4A68-AAD7-585D0C24C0F8}"
EndProject
Project("{8BC9CEB8-8B4A-11D0-8D11-00A0C91BC942}") = "009-通讯录管理系统", "009-通讯录管理系统\009-通讯录管理系统.vcxproj", "{CCF15D15-E215-41B5-9C17-0E43C4D10147}"
EndProject
Project("{8BC9CEB8-8B4A-11D0-8D11-00A0C91BC942}") = "010-内存四区", "010-内存四区\010-内存四区.vcxproj", "{17F00850-BDEB-4A31-91F5-43620CD2BE62}"
EndProject
Project("{8BC9CEB8-8B4A-11D0-8D11-00A0C91BC942}") = "011-引用", "011-引用\011-引用.vcxproj", "{7D2A9068-C888-463A-92E6-5381E6EF03E8}"
EndProject
Project("{8BC9CEB8-8B4A-11D0-8D11-00A0C91BC942}") = "012-函数的提高", "012-函数的提高\012-函数的提高.vcxproj", "{07CF537D-D692-4AEE-A553-B9EF82F76A7E}"
EndProject
Project("{8BC9CEB8-8B4A-11D0-8D11-00A0C91BC942}") = "013-类和对象-封装", "013-类和对象-封装\013-类和对象-封装.vcxproj", "{9EDFA646-B12E-4753-B4F0-B6CF0BFE4FC0}"
EndProject
Project("{8BC9CEB8-8B4A-11D0-8D11-00A0C91BC942}") = "014-对象的初始化和清理", "014-对象的初始化和清理\014-对象的初始化和清理.vcxproj", "{EEB8DB69-4619-4482-9D5A-C7D2E4E811D2}"
EndProject
Project("{8BC9CEB8-8B4A-11D0-8D11-00A0C91BC942}") = "015-C++对象模型和this指针", "015-C++对象模型h和this指针\015-C++对象模型h和this指针.vcxproj", "{12E1CE37-2769-4363-9EFA-52DE630E2747}"
EndProject
Project("{8BC9CEB8-8B4A-11D0-8D11-00A0C91BC942}") = "016-友元", "016-友元\016-友元.vcxproj", "{C4957680-3110-4085-8EBA-EB88F45B153C}"
EndProject
Project("{8BC9CEB8-8B4A-11D0-8D11-00A0C91BC942}") = "017-运算符重载", "017-运算符重载\017-运算符重载.vcxproj", "{F9E1DB7B-FDA7-4DCF-9653-79AE0B17BAC9}"
EndProject
Project("{8BC9CEB8-8B4A-11D0-8D11-00A0C91BC942}") = "018-继承", "018-继承\018-继承.vcxproj", "{0D8E2261-6ACF-44CF-908E-C722869CF1AB}"
EndProject
Project("{8BC9CEB8-8B4A-11D0-8D11-00A0C91BC942}") = "019-多态", "019-多态\019-多态.vcxproj", "{50F84A3B-F67B-4205-8EDF-83025665108A}"
EndProject
Project("{8BC9CEB8-8B4A-11D0-8D11-00A0C91BC942}") = "020-文件", "020-文件\020-文件.vcxproj", "{9959FBDC-1AA2-46D3-BB7C-AEEC908C3CD9}"
EndProject
Project("{8BC9CEB8-8B4A-11D0-8D11-00A0C91BC942}") = "021-基于多态的职工管理系统", "021-基于多态的职工管理系统\021-基于多态的职工管理系统.vcxproj", "{298DF419-8A89-43D8-A0F0-E9A5F21322F3}"
EndProject
Project("{8BC9CEB8-8B4A-11D0-8D11-00A0C91BC942}") = "022-函数模板语法", "022-函数模板语法\022-函数模板语法.vcxproj", "{DEDEC0F1-2B71-4E39-82AA-39E287078A59}"
EndProject
Project("{8BC9CEB8-8B4A-11D0-8D11-00A0C91BC942}") = "024-类模板语法", "023-类模板语法\023-类模板语法.vcxproj", "{22C0E94B-1FB5-4554-B3EE-33D7EF41DE90}"
EndProject
Project("{8BC9CEB8-8B4A-11D0-8D11-00A0C91BC942}") = "025-STL初识", "024-STL初识\024-STL初识.vcxproj", "{A56684AF-F7C7-4A32-BEC2-EC43FBDBBAB9}"
EndProject
Project("{8BC9CEB8-8B4A-11D0-8D11-00A0C91BC942}") = "026-string容器", "025-string容器\025-string容器.vcxproj", "{5AD242AA-034E-45C9-884B-906B50E8C98A}"
EndProject
Project("{8BC9CEB8-8B4A-11D0-8D11-00A0C91BC942}") = "023-自我钻研", "024-继承多态泛型总结\024-继承多态泛型总结.vcxproj", "{EC6B2964-DA20-46FC-AFE4-74DA6FEA6037}"
EndProject
Project("{8BC9CEB8-8B4A-11D0-8D11-00A0C91BC942}") = "027-vector容器", "027-vector容器\027-vector容器.vcxproj", "{7710733D-45CC-4B49-92AE-D046165BC2B6}"
EndProject
Project("{8BC9CEB8-8B4A-11D0-8D11-00A0C91BC942}") = "028-deque容器(双端数组)", "028-deque容器(双端数组)\028-deque容器(双端数组).vcxproj", "{1F993518-6B05-4687-B304-ED2E7502187C}"
EndProject
Project("{8BC9CEB8-8B4A-11D0-8D11-00A0C91BC942}") = "029-stack容器", "029-stack容器\029-stack容器.vcxproj", "{2BAE48B4-431C-496B-8360-7C7713B88F7C}"
EndProject
Project("{8BC9CEB8-8B4A-11D0-8D11-00A0C91BC942}") = "030-queue容器", "030-queue容器\030-queue容器.vcxproj", "{7403DEDE-CF89-4A63-A124-CC0D4F90633A}"
EndProject
Project("{8BC9CEB8-8B4A-11D0-8D11-00A0C91BC942}") = "031-list容器", "031-list容器\031-list容器.vcxproj", "{9B26A9EF-3F8B-429A-BFDD-CCE4A56603E9}"
EndProject
Project("{8BC9CEB8-8B4A-11D0-8D11-00A0C91BC942}") = "032-set容器", "032-set容器\032-set容器.vcxproj", "{3C7F1AA5-E37E-4C9D-B9CB-AACEE380FA95}"
EndProject
Project("{8BC9CEB8-8B4A-11D0-8D11-00A0C91BC942}") = "033-map容器", "033-map容器\033-map容器.vcxproj", "{3E5AF665-5411-4DB0-BA65-E236F15E20AB}"
EndProject
Project("{8BC9CEB8-8B4A-11D0-8D11-00A0C91BC942}") = "034-函数对象", "034-函数对象\034-函数对象.vcxproj", "{82A56E93-870B-4BDB-9EA2-F4E8C7B40390}"
EndProject
Project("{8BC9CEB8-8B4A-11D0-8D11-00A0C91BC942}") = "035-常用算法", "035-常用算法\035-常用算法.vcxproj", "{809B56D7-698D-4FE2-BE5D-CEE8B850752A}"
EndProject
Global
	GlobalSection(SolutionConfigurationPlatforms) = preSolution
		Debug|Any CPU = Debug|Any CPU
		Debug|x64 = Debug|x64
		Debug|x86 = Debug|x86
		Release|Any CPU = Release|Any CPU
		Release|x64 = Release|x64
		Release|x86 = Release|x86
	EndGlobalSection
	GlobalSection(ProjectConfigurationPlatforms) = postSolution
		{43D5F886-F51C-4CF1-8B82-8802C8F92A3D}.Debug|Any CPU.ActiveCfg = Debug|Win32
		{43D5F886-F51C-4CF1-8B82-8802C8F92A3D}.Debug|x64.ActiveCfg = Debug|x64
		{43D5F886-F51C-4CF1-8B82-8802C8F92A3D}.Debug|x64.Build.0 = Debug|x64
		{43D5F886-F51C-4CF1-8B82-8802C8F92A3D}.Debug|x86.ActiveCfg = Debug|Win32
		{43D5F886-F51C-4CF1-8B82-8802C8F92A3D}.Debug|x86.Build.0 = Debug|Win32
		{43D5F886-F51C-4CF1-8B82-8802C8F92A3D}.Release|Any CPU.ActiveCfg = Release|Win32
		{43D5F886-F51C-4CF1-8B82-8802C8F92A3D}.Release|x64.ActiveCfg = Release|x64
		{43D5F886-F51C-4CF1-8B82-8802C8F92A3D}.Release|x64.Build.0 = Release|x64
		{43D5F886-F51C-4CF1-8B82-8802C8F92A3D}.Release|x86.ActiveCfg = Release|Win32
		{43D5F886-F51C-4CF1-8B82-8802C8F92A3D}.Release|x86.Build.0 = Release|Win32
		{6AF47EA4-3BD4-4FCE-9EEC-CD840212D7D2}.Debug|Any CPU.ActiveCfg = Debug|Win32
		{6AF47EA4-3BD4-4FCE-9EEC-CD840212D7D2}.Debug|x64.ActiveCfg = Debug|x64
		{6AF47EA4-3BD4-4FCE-9EEC-CD840212D7D2}.Debug|x64.Build.0 = Debug|x64
		{6AF47EA4-3BD4-4FCE-9EEC-CD840212D7D2}.Debug|x86.ActiveCfg = Debug|Win32
		{6AF47EA4-3BD4-4FCE-9EEC-CD840212D7D2}.Debug|x86.Build.0 = Debug|Win32
		{6AF47EA4-3BD4-4FCE-9EEC-CD840212D7D2}.Release|Any CPU.ActiveCfg = Release|Win32
		{6AF47EA4-3BD4-4FCE-9EEC-CD840212D7D2}.Release|x64.ActiveCfg = Release|x64
		{6AF47EA4-3BD4-4FCE-9EEC-CD840212D7D2}.Release|x64.Build.0 = Release|x64
		{6AF47EA4-3BD4-4FCE-9EEC-CD840212D7D2}.Release|x86.ActiveCfg = Release|Win32
		{6AF47EA4-3BD4-4FCE-9EEC-CD840212D7D2}.Release|x86.Build.0 = Release|Win32
		{3BE5B50E-1B5C-4212-8484-4B5C01567787}.Debug|Any CPU.ActiveCfg = Debug|Win32
		{3BE5B50E-1B5C-4212-8484-4B5C01567787}.Debug|x64.ActiveCfg = Debug|x64
		{3BE5B50E-1B5C-4212-8484-4B5C01567787}.Debug|x64.Build.0 = Debug|x64
		{3BE5B50E-1B5C-4212-8484-4B5C01567787}.Debug|x86.ActiveCfg = Debug|Win32
		{3BE5B50E-1B5C-4212-8484-4B5C01567787}.Debug|x86.Build.0 = Debug|Win32
		{3BE5B50E-1B5C-4212-8484-4B5C01567787}.Release|Any CPU.ActiveCfg = Release|Win32
		{3BE5B50E-1B5C-4212-8484-4B5C01567787}.Release|x64.ActiveCfg = Release|x64
		{3BE5B50E-1B5C-4212-8484-4B5C01567787}.Release|x64.Build.0 = Release|x64
		{3BE5B50E-1B5C-4212-8484-4B5C01567787}.Release|x86.ActiveCfg = Release|Win32
		{3BE5B50E-1B5C-4212-8484-4B5C01567787}.Release|x86.Build.0 = Release|Win32
		{513D6BA2-B505-456D-B953-B83F24BA843A}.Debug|Any CPU.ActiveCfg = Debug|Win32
		{513D6BA2-B505-456D-B953-B83F24BA843A}.Debug|x64.ActiveCfg = Debug|x64
		{513D6BA2-B505-456D-B953-B83F24BA843A}.Debug|x64.Build.0 = Debug|x64
		{513D6BA2-B505-456D-B953-B83F24BA843A}.Debug|x86.ActiveCfg = Debug|Win32
		{513D6BA2-B505-456D-B953-B83F24BA843A}.Debug|x86.Build.0 = Debug|Win32
		{513D6BA2-B505-456D-B953-B83F24BA843A}.Release|Any CPU.ActiveCfg = Release|Win32
		{513D6BA2-B505-456D-B953-B83F24BA843A}.Release|x64.ActiveCfg = Release|x64
		{513D6BA2-B505-456D-B953-B83F24BA843A}.Release|x64.Build.0 = Release|x64
		{513D6BA2-B505-456D-B953-B83F24BA843A}.Release|x86.ActiveCfg = Release|Win32
		{513D6BA2-B505-456D-B953-B83F24BA843A}.Release|x86.Build.0 = Release|Win32
		{0156289B-F73C-4F0B-841E-B477338C27A8}.Debug|Any CPU.ActiveCfg = Debug|Win32
		{0156289B-F73C-4F0B-841E-B477338C27A8}.Debug|x64.ActiveCfg = Debug|x64
		{0156289B-F73C-4F0B-841E-B477338C27A8}.Debug|x64.Build.0 = Debug|x64
		{0156289B-F73C-4F0B-841E-B477338C27A8}.Debug|x86.ActiveCfg = Debug|Win32
		{0156289B-F73C-4F0B-841E-B477338C27A8}.Debug|x86.Build.0 = Debug|Win32
		{0156289B-F73C-4F0B-841E-B477338C27A8}.Release|Any CPU.ActiveCfg = Release|Win32
		{0156289B-F73C-4F0B-841E-B477338C27A8}.Release|x64.ActiveCfg = Release|x64
		{0156289B-F73C-4F0B-841E-B477338C27A8}.Release|x64.Build.0 = Release|x64
		{0156289B-F73C-4F0B-841E-B477338C27A8}.Release|x86.ActiveCfg = Release|Win32
		{0156289B-F73C-4F0B-841E-B477338C27A8}.Release|x86.Build.0 = Release|Win32
		{5E5F2D83-1E85-4A0D-9774-40D1AD4339A4}.Debug|Any CPU.ActiveCfg = Debug|Win32
		{5E5F2D83-1E85-4A0D-9774-40D1AD4339A4}.Debug|x64.ActiveCfg = Debug|x64
		{5E5F2D83-1E85-4A0D-9774-40D1AD4339A4}.Debug|x64.Build.0 = Debug|x64
		{5E5F2D83-1E85-4A0D-9774-40D1AD4339A4}.Debug|x86.ActiveCfg = Debug|Win32
		{5E5F2D83-1E85-4A0D-9774-40D1AD4339A4}.Debug|x86.Build.0 = Debug|Win32
		{5E5F2D83-1E85-4A0D-9774-40D1AD4339A4}.Release|Any CPU.ActiveCfg = Release|Win32
		{5E5F2D83-1E85-4A0D-9774-40D1AD4339A4}.Release|x64.ActiveCfg = Release|x64
		{5E5F2D83-1E85-4A0D-9774-40D1AD4339A4}.Release|x64.Build.0 = Release|x64
		{5E5F2D83-1E85-4A0D-9774-40D1AD4339A4}.Release|x86.ActiveCfg = Release|Win32
		{5E5F2D83-1E85-4A0D-9774-40D1AD4339A4}.Release|x86.Build.0 = Release|Win32
		{F7E0B619-86EA-41D2-88AC-AF527AFA2D70}.Debug|Any CPU.ActiveCfg = Debug|Win32
		{F7E0B619-86EA-41D2-88AC-AF527AFA2D70}.Debug|x64.ActiveCfg = Debug|x64
		{F7E0B619-86EA-41D2-88AC-AF527AFA2D70}.Debug|x64.Build.0 = Debug|x64
		{F7E0B619-86EA-41D2-88AC-AF527AFA2D70}.Debug|x86.ActiveCfg = Debug|Win32
		{F7E0B619-86EA-41D2-88AC-AF527AFA2D70}.Debug|x86.Build.0 = Debug|Win32
		{F7E0B619-86EA-41D2-88AC-AF527AFA2D70}.Release|Any CPU.ActiveCfg = Release|Win32
		{F7E0B619-86EA-41D2-88AC-AF527AFA2D70}.Release|x64.ActiveCfg = Release|x64
		{F7E0B619-86EA-41D2-88AC-AF527AFA2D70}.Release|x64.Build.0 = Release|x64
		{F7E0B619-86EA-41D2-88AC-AF527AFA2D70}.Release|x86.ActiveCfg = Release|Win32
		{F7E0B619-86EA-41D2-88AC-AF527AFA2D70}.Release|x86.Build.0 = Release|Win32
		{B425A56B-9BD2-4A68-AAD7-585D0C24C0F8}.Debug|Any CPU.ActiveCfg = Debug|Win32
		{B425A56B-9BD2-4A68-AAD7-585D0C24C0F8}.Debug|x64.ActiveCfg = Debug|x64
		{B425A56B-9BD2-4A68-AAD7-585D0C24C0F8}.Debug|x64.Build.0 = Debug|x64
		{B425A56B-9BD2-4A68-AAD7-585D0C24C0F8}.Debug|x86.ActiveCfg = Debug|Win32
		{B425A56B-9BD2-4A68-AAD7-585D0C24C0F8}.Debug|x86.Build.0 = Debug|Win32
		{B425A56B-9BD2-4A68-AAD7-585D0C24C0F8}.Release|Any CPU.ActiveCfg = Release|Win32
		{B425A56B-9BD2-4A68-AAD7-585D0C24C0F8}.Release|x64.ActiveCfg = Release|x64
		{B425A56B-9BD2-4A68-AAD7-585D0C24C0F8}.Release|x64.Build.0 = Release|x64
		{B425A56B-9BD2-4A68-AAD7-585D0C24C0F8}.Release|x86.ActiveCfg = Release|Win32
		{B425A56B-9BD2-4A68-AAD7-585D0C24C0F8}.Release|x86.Build.0 = Release|Win32
		{CCF15D15-E215-41B5-9C17-0E43C4D10147}.Debug|Any CPU.ActiveCfg = Debug|Win32
		{CCF15D15-E215-41B5-9C17-0E43C4D10147}.Debug|x64.ActiveCfg = Debug|x64
		{CCF15D15-E215-41B5-9C17-0E43C4D10147}.Debug|x64.Build.0 = Debug|x64
		{CCF15D15-E215-41B5-9C17-0E43C4D10147}.Debug|x86.ActiveCfg = Debug|Win32
		{CCF15D15-E215-41B5-9C17-0E43C4D10147}.Debug|x86.Build.0 = Debug|Win32
		{CCF15D15-E215-41B5-9C17-0E43C4D10147}.Release|Any CPU.ActiveCfg = Release|Win32
		{CCF15D15-E215-41B5-9C17-0E43C4D10147}.Release|x64.ActiveCfg = Release|x64
		{CCF15D15-E215-41B5-9C17-0E43C4D10147}.Release|x64.Build.0 = Release|x64
		{CCF15D15-E215-41B5-9C17-0E43C4D10147}.Release|x86.ActiveCfg = Release|Win32
		{CCF15D15-E215-41B5-9C17-0E43C4D10147}.Release|x86.Build.0 = Release|Win32
		{17F00850-BDEB-4A31-91F5-43620CD2BE62}.Debug|Any CPU.ActiveCfg = Debug|Win32
		{17F00850-BDEB-4A31-91F5-43620CD2BE62}.Debug|x64.ActiveCfg = Debug|x64
		{17F00850-BDEB-4A31-91F5-43620CD2BE62}.Debug|x64.Build.0 = Debug|x64
		{17F00850-BDEB-4A31-91F5-43620CD2BE62}.Debug|x86.ActiveCfg = Debug|Win32
		{17F00850-BDEB-4A31-91F5-43620CD2BE62}.Debug|x86.Build.0 = Debug|Win32
		{17F00850-BDEB-4A31-91F5-43620CD2BE62}.Release|Any CPU.ActiveCfg = Release|Win32
		{17F00850-BDEB-4A31-91F5-43620CD2BE62}.Release|x64.ActiveCfg = Release|x64
		{17F00850-BDEB-4A31-91F5-43620CD2BE62}.Release|x64.Build.0 = Release|x64
		{17F00850-BDEB-4A31-91F5-43620CD2BE62}.Release|x86.ActiveCfg = Release|Win32
		{17F00850-BDEB-4A31-91F5-43620CD2BE62}.Release|x86.Build.0 = Release|Win32
		{7D2A9068-C888-463A-92E6-5381E6EF03E8}.Debug|Any CPU.ActiveCfg = Debug|Win32
		{7D2A9068-C888-463A-92E6-5381E6EF03E8}.Debug|x64.ActiveCfg = Debug|x64
		{7D2A9068-C888-463A-92E6-5381E6EF03E8}.Debug|x64.Build.0 = Debug|x64
		{7D2A9068-C888-463A-92E6-5381E6EF03E8}.Debug|x86.ActiveCfg = Debug|Win32
		{7D2A9068-C888-463A-92E6-5381E6EF03E8}.Debug|x86.Build.0 = Debug|Win32
		{7D2A9068-C888-463A-92E6-5381E6EF03E8}.Release|Any CPU.ActiveCfg = Release|Win32
		{7D2A9068-C888-463A-92E6-5381E6EF03E8}.Release|x64.ActiveCfg = Release|x64
		{7D2A9068-C888-463A-92E6-5381E6EF03E8}.Release|x64.Build.0 = Release|x64
		{7D2A9068-C888-463A-92E6-5381E6EF03E8}.Release|x86.ActiveCfg = Release|Win32
		{7D2A9068-C888-463A-92E6-5381E6EF03E8}.Release|x86.Build.0 = Release|Win32
		{07CF537D-D692-4AEE-A553-B9EF82F76A7E}.Debug|Any CPU.ActiveCfg = Debug|Win32
		{07CF537D-D692-4AEE-A553-B9EF82F76A7E}.Debug|x64.ActiveCfg = Debug|x64
		{07CF537D-D692-4AEE-A553-B9EF82F76A7E}.Debug|x64.Build.0 = Debug|x64
		{07CF537D-D692-4AEE-A553-B9EF82F76A7E}.Debug|x86.ActiveCfg = Debug|Win32
		{07CF537D-D692-4AEE-A553-B9EF82F76A7E}.Debug|x86.Build.0 = Debug|Win32
		{07CF537D-D692-4AEE-A553-B9EF82F76A7E}.Release|Any CPU.ActiveCfg = Release|Win32
		{07CF537D-D692-4AEE-A553-B9EF82F76A7E}.Release|x64.ActiveCfg = Release|x64
		{07CF537D-D692-4AEE-A553-B9EF82F76A7E}.Release|x64.Build.0 = Release|x64
		{07CF537D-D692-4AEE-A553-B9EF82F76A7E}.Release|x86.ActiveCfg = Release|Win32
		{07CF537D-D692-4AEE-A553-B9EF82F76A7E}.Release|x86.Build.0 = Release|Win32
		{9EDFA646-B12E-4753-B4F0-B6CF0BFE4FC0}.Debug|Any CPU.ActiveCfg = Debug|Win32
		{9EDFA646-B12E-4753-B4F0-B6CF0BFE4FC0}.Debug|x64.ActiveCfg = Debug|x64
		{9EDFA646-B12E-4753-B4F0-B6CF0BFE4FC0}.Debug|x64.Build.0 = Debug|x64
		{9EDFA646-B12E-4753-B4F0-B6CF0BFE4FC0}.Debug|x86.ActiveCfg = Debug|Win32
		{9EDFA646-B12E-4753-B4F0-B6CF0BFE4FC0}.Debug|x86.Build.0 = Debug|Win32
		{9EDFA646-B12E-4753-B4F0-B6CF0BFE4FC0}.Release|Any CPU.ActiveCfg = Release|Win32
		{9EDFA646-B12E-4753-B4F0-B6CF0BFE4FC0}.Release|x64.ActiveCfg = Release|x64
		{9EDFA646-B12E-4753-B4F0-B6CF0BFE4FC0}.Release|x64.Build.0 = Release|x64
		{9EDFA646-B12E-4753-B4F0-B6CF0BFE4FC0}.Release|x86.ActiveCfg = Release|Win32
		{9EDFA646-B12E-4753-B4F0-B6CF0BFE4FC0}.Release|x86.Build.0 = Release|Win32
		{EEB8DB69-4619-4482-9D5A-C7D2E4E811D2}.Debug|Any CPU.ActiveCfg = Debug|Win32
		{EEB8DB69-4619-4482-9D5A-C7D2E4E811D2}.Debug|x64.ActiveCfg = Debug|x64
		{EEB8DB69-4619-4482-9D5A-C7D2E4E811D2}.Debug|x64.Build.0 = Debug|x64
		{EEB8DB69-4619-4482-9D5A-C7D2E4E811D2}.Debug|x86.ActiveCfg = Debug|Win32
		{EEB8DB69-4619-4482-9D5A-C7D2E4E811D2}.Debug|x86.Build.0 = Debug|Win32
		{EEB8DB69-4619-4482-9D5A-C7D2E4E811D2}.Release|Any CPU.ActiveCfg = Release|Win32
		{EEB8DB69-4619-4482-9D5A-C7D2E4E811D2}.Release|x64.ActiveCfg = Release|x64
		{EEB8DB69-4619-4482-9D5A-C7D2E4E811D2}.Release|x64.Build.0 = Release|x64
		{EEB8DB69-4619-4482-9D5A-C7D2E4E811D2}.Release|x86.ActiveCfg = Release|Win32
		{EEB8DB69-4619-4482-9D5A-C7D2E4E811D2}.Release|x86.Build.0 = Release|Win32
		{12E1CE37-2769-4363-9EFA-52DE630E2747}.Debug|Any CPU.ActiveCfg = Debug|Win32
		{12E1CE37-2769-4363-9EFA-52DE630E2747}.Debug|x64.ActiveCfg = Debug|x64
		{12E1CE37-2769-4363-9EFA-52DE630E2747}.Debug|x64.Build.0 = Debug|x64
		{12E1CE37-2769-4363-9EFA-52DE630E2747}.Debug|x86.ActiveCfg = Debug|Win32
		{12E1CE37-2769-4363-9EFA-52DE630E2747}.Debug|x86.Build.0 = Debug|Win32
		{12E1CE37-2769-4363-9EFA-52DE630E2747}.Release|Any CPU.ActiveCfg = Release|Win32
		{12E1CE37-2769-4363-9EFA-52DE630E2747}.Release|x64.ActiveCfg = Release|x64
		{12E1CE37-2769-4363-9EFA-52DE630E2747}.Release|x64.Build.0 = Release|x64
		{12E1CE37-2769-4363-9EFA-52DE630E2747}.Release|x86.ActiveCfg = Release|Win32
		{12E1CE37-2769-4363-9EFA-52DE630E2747}.Release|x86.Build.0 = Release|Win32
		{C4957680-3110-4085-8EBA-EB88F45B153C}.Debug|Any CPU.ActiveCfg = Debug|Win32
		{C4957680-3110-4085-8EBA-EB88F45B153C}.Debug|x64.ActiveCfg = Debug|x64
		{C4957680-3110-4085-8EBA-EB88F45B153C}.Debug|x64.Build.0 = Debug|x64
		{C4957680-3110-4085-8EBA-EB88F45B153C}.Debug|x86.ActiveCfg = Debug|Win32
		{C4957680-3110-4085-8EBA-EB88F45B153C}.Debug|x86.Build.0 = Debug|Win32
		{C4957680-3110-4085-8EBA-EB88F45B153C}.Release|Any CPU.ActiveCfg = Release|Win32
		{C4957680-3110-4085-8EBA-EB88F45B153C}.Release|x64.ActiveCfg = Release|x64
		{C4957680-3110-4085-8EBA-EB88F45B153C}.Release|x64.Build.0 = Release|x64
		{C4957680-3110-4085-8EBA-EB88F45B153C}.Release|x86.ActiveCfg = Release|Win32
		{C4957680-3110-4085-8EBA-EB88F45B153C}.Release|x86.Build.0 = Release|Win32
		{F9E1DB7B-FDA7-4DCF-9653-79AE0B17BAC9}.Debug|Any CPU.ActiveCfg = Debug|Win32
		{F9E1DB7B-FDA7-4DCF-9653-79AE0B17BAC9}.Debug|x64.ActiveCfg = Debug|x64
		{F9E1DB7B-FDA7-4DCF-9653-79AE0B17BAC9}.Debug|x64.Build.0 = Debug|x64
		{F9E1DB7B-FDA7-4DCF-9653-79AE0B17BAC9}.Debug|x86.ActiveCfg = Debug|Win32
		{F9E1DB7B-FDA7-4DCF-9653-79AE0B17BAC9}.Debug|x86.Build.0 = Debug|Win32
		{F9E1DB7B-FDA7-4DCF-9653-79AE0B17BAC9}.Release|Any CPU.ActiveCfg = Release|Win32
		{F9E1DB7B-FDA7-4DCF-9653-79AE0B17BAC9}.Release|x64.ActiveCfg = Release|x64
		{F9E1DB7B-FDA7-4DCF-9653-79AE0B17BAC9}.Release|x64.Build.0 = Release|x64
		{F9E1DB7B-FDA7-4DCF-9653-79AE0B17BAC9}.Release|x86.ActiveCfg = Release|Win32
		{F9E1DB7B-FDA7-4DCF-9653-79AE0B17BAC9}.Release|x86.Build.0 = Release|Win32
		{0D8E2261-6ACF-44CF-908E-C722869CF1AB}.Debug|Any CPU.ActiveCfg = Debug|Win32
		{0D8E2261-6ACF-44CF-908E-C722869CF1AB}.Debug|x64.ActiveCfg = Debug|x64
		{0D8E2261-6ACF-44CF-908E-C722869CF1AB}.Debug|x64.Build.0 = Debug|x64
		{0D8E2261-6ACF-44CF-908E-C722869CF1AB}.Debug|x86.ActiveCfg = Debug|Win32
		{0D8E2261-6ACF-44CF-908E-C722869CF1AB}.Debug|x86.Build.0 = Debug|Win32
		{0D8E2261-6ACF-44CF-908E-C722869CF1AB}.Release|Any CPU.ActiveCfg = Release|Win32
		{0D8E2261-6ACF-44CF-908E-C722869CF1AB}.Release|x64.ActiveCfg = Release|x64
		{0D8E2261-6ACF-44CF-908E-C722869CF1AB}.Release|x64.Build.0 = Release|x64
		{0D8E2261-6ACF-44CF-908E-C722869CF1AB}.Release|x86.ActiveCfg = Release|Win32
		{0D8E2261-6ACF-44CF-908E-C722869CF1AB}.Release|x86.Build.0 = Release|Win32
		{50F84A3B-F67B-4205-8EDF-83025665108A}.Debug|Any CPU.ActiveCfg = Debug|Win32
		{50F84A3B-F67B-4205-8EDF-83025665108A}.Debug|x64.ActiveCfg = Debug|x64
		{50F84A3B-F67B-4205-8EDF-83025665108A}.Debug|x64.Build.0 = Debug|x64
		{50F84A3B-F67B-4205-8EDF-83025665108A}.Debug|x86.ActiveCfg = Debug|Win32
		{50F84A3B-F67B-4205-8EDF-83025665108A}.Debug|x86.Build.0 = Debug|Win32
		{50F84A3B-F67B-4205-8EDF-83025665108A}.Release|Any CPU.ActiveCfg = Release|Win32
		{50F84A3B-F67B-4205-8EDF-83025665108A}.Release|x64.ActiveCfg = Release|x64
		{50F84A3B-F67B-4205-8EDF-83025665108A}.Release|x64.Build.0 = Release|x64
		{50F84A3B-F67B-4205-8EDF-83025665108A}.Release|x86.ActiveCfg = Release|Win32
		{50F84A3B-F67B-4205-8EDF-83025665108A}.Release|x86.Build.0 = Release|Win32
		{9959FBDC-1AA2-46D3-BB7C-AEEC908C3CD9}.Debug|Any CPU.ActiveCfg = Debug|Win32
		{9959FBDC-1AA2-46D3-BB7C-AEEC908C3CD9}.Debug|x64.ActiveCfg = Debug|x64
		{9959FBDC-1AA2-46D3-BB7C-AEEC908C3CD9}.Debug|x64.Build.0 = Debug|x64
		{9959FBDC-1AA2-46D3-BB7C-AEEC908C3CD9}.Debug|x86.ActiveCfg = Debug|Win32
		{9959FBDC-1AA2-46D3-BB7C-AEEC908C3CD9}.Debug|x86.Build.0 = Debug|Win32
		{9959FBDC-1AA2-46D3-BB7C-AEEC908C3CD9}.Release|Any CPU.ActiveCfg = Release|Win32
		{9959FBDC-1AA2-46D3-BB7C-AEEC908C3CD9}.Release|x64.ActiveCfg = Release|x64
		{9959FBDC-1AA2-46D3-BB7C-AEEC908C3CD9}.Release|x64.Build.0 = Release|x64
		{9959FBDC-1AA2-46D3-BB7C-AEEC908C3CD9}.Release|x86.ActiveCfg = Release|Win32
		{9959FBDC-1AA2-46D3-BB7C-AEEC908C3CD9}.Release|x86.Build.0 = Release|Win32
		{298DF419-8A89-43D8-A0F0-E9A5F21322F3}.Debug|Any CPU.ActiveCfg = Debug|Win32
		{298DF419-8A89-43D8-A0F0-E9A5F21322F3}.Debug|x64.ActiveCfg = Debug|x64
		{298DF419-8A89-43D8-A0F0-E9A5F21322F3}.Debug|x64.Build.0 = Debug|x64
		{298DF419-8A89-43D8-A0F0-E9A5F21322F3}.Debug|x86.ActiveCfg = Debug|Win32
		{298DF419-8A89-43D8-A0F0-E9A5F21322F3}.Debug|x86.Build.0 = Debug|Win32
		{298DF419-8A89-43D8-A0F0-E9A5F21322F3}.Release|Any CPU.ActiveCfg = Release|Win32
		{298DF419-8A89-43D8-A0F0-E9A5F21322F3}.Release|x64.ActiveCfg = Release|x64
		{298DF419-8A89-43D8-A0F0-E9A5F21322F3}.Release|x64.Build.0 = Release|x64
		{298DF419-8A89-43D8-A0F0-E9A5F21322F3}.Release|x86.ActiveCfg = Release|Win32
		{298DF419-8A89-43D8-A0F0-E9A5F21322F3}.Release|x86.Build.0 = Release|Win32
		{DEDEC0F1-2B71-4E39-82AA-39E287078A59}.Debug|Any CPU.ActiveCfg = Debug|Win32
		{DEDEC0F1-2B71-4E39-82AA-39E287078A59}.Debug|x64.ActiveCfg = Debug|x64
		{DEDEC0F1-2B71-4E39-82AA-39E287078A59}.Debug|x64.Build.0 = Debug|x64
		{DEDEC0F1-2B71-4E39-82AA-39E287078A59}.Debug|x86.ActiveCfg = Debug|Win32
		{DEDEC0F1-2B71-4E39-82AA-39E287078A59}.Debug|x86.Build.0 = Debug|Win32
		{DEDEC0F1-2B71-4E39-82AA-39E287078A59}.Release|Any CPU.ActiveCfg = Release|Win32
		{DEDEC0F1-2B71-4E39-82AA-39E287078A59}.Release|x64.ActiveCfg = Release|x64
		{DEDEC0F1-2B71-4E39-82AA-39E287078A59}.Release|x64.Build.0 = Release|x64
		{DEDEC0F1-2B71-4E39-82AA-39E287078A59}.Release|x86.ActiveCfg = Release|Win32
		{DEDEC0F1-2B71-4E39-82AA-39E287078A59}.Release|x86.Build.0 = Release|Win32
		{22C0E94B-1FB5-4554-B3EE-33D7EF41DE90}.Debug|Any CPU.ActiveCfg = Debug|Win32
		{22C0E94B-1FB5-4554-B3EE-33D7EF41DE90}.Debug|x64.ActiveCfg = Debug|x64
		{22C0E94B-1FB5-4554-B3EE-33D7EF41DE90}.Debug|x64.Build.0 = Debug|x64
		{22C0E94B-1FB5-4554-B3EE-33D7EF41DE90}.Debug|x86.ActiveCfg = Debug|Win32
		{22C0E94B-1FB5-4554-B3EE-33D7EF41DE90}.Debug|x86.Build.0 = Debug|Win32
		{22C0E94B-1FB5-4554-B3EE-33D7EF41DE90}.Release|Any CPU.ActiveCfg = Release|Win32
		{22C0E94B-1FB5-4554-B3EE-33D7EF41DE90}.Release|x64.ActiveCfg = Release|x64
		{22C0E94B-1FB5-4554-B3EE-33D7EF41DE90}.Release|x64.Build.0 = Release|x64
		{22C0E94B-1FB5-4554-B3EE-33D7EF41DE90}.Release|x86.ActiveCfg = Release|Win32
		{22C0E94B-1FB5-4554-B3EE-33D7EF41DE90}.Release|x86.Build.0 = Release|Win32
		{A56684AF-F7C7-4A32-BEC2-EC43FBDBBAB9}.Debug|Any CPU.ActiveCfg = Debug|Win32
		{A56684AF-F7C7-4A32-BEC2-EC43FBDBBAB9}.Debug|x64.ActiveCfg = Debug|x64
		{A56684AF-F7C7-4A32-BEC2-EC43FBDBBAB9}.Debug|x64.Build.0 = Debug|x64
		{A56684AF-F7C7-4A32-BEC2-EC43FBDBBAB9}.Debug|x86.ActiveCfg = Debug|Win32
		{A56684AF-F7C7-4A32-BEC2-EC43FBDBBAB9}.Debug|x86.Build.0 = Debug|Win32
		{A56684AF-F7C7-4A32-BEC2-EC43FBDBBAB9}.Release|Any CPU.ActiveCfg = Release|Win32
		{A56684AF-F7C7-4A32-BEC2-EC43FBDBBAB9}.Release|x64.ActiveCfg = Release|x64
		{A56684AF-F7C7-4A32-BEC2-EC43FBDBBAB9}.Release|x64.Build.0 = Release|x64
		{A56684AF-F7C7-4A32-BEC2-EC43FBDBBAB9}.Release|x86.ActiveCfg = Release|Win32
		{A56684AF-F7C7-4A32-BEC2-EC43FBDBBAB9}.Release|x86.Build.0 = Release|Win32
		{5AD242AA-034E-45C9-884B-906B50E8C98A}.Debug|Any CPU.ActiveCfg = Debug|Win32
		{5AD242AA-034E-45C9-884B-906B50E8C98A}.Debug|x64.ActiveCfg = Debug|x64
		{5AD242AA-034E-45C9-884B-906B50E8C98A}.Debug|x64.Build.0 = Debug|x64
		{5AD242AA-034E-45C9-884B-906B50E8C98A}.Debug|x86.ActiveCfg = Debug|Win32
		{5AD242AA-034E-45C9-884B-906B50E8C98A}.Debug|x86.Build.0 = Debug|Win32
		{5AD242AA-034E-45C9-884B-906B50E8C98A}.Release|Any CPU.ActiveCfg = Release|Win32
		{5AD242AA-034E-45C9-884B-906B50E8C98A}.Release|x64.ActiveCfg = Release|x64
		{5AD242AA-034E-45C9-884B-906B50E8C98A}.Release|x64.Build.0 = Release|x64
		{5AD242AA-034E-45C9-884B-906B50E8C98A}.Release|x86.ActiveCfg = Release|Win32
		{5AD242AA-034E-45C9-884B-906B50E8C98A}.Release|x86.Build.0 = Release|Win32
		{EC6B2964-DA20-46FC-AFE4-74DA6FEA6037}.Debug|Any CPU.ActiveCfg = Debug|x64
		{EC6B2964-DA20-46FC-AFE4-74DA6FEA6037}.Debug|Any CPU.Build.0 = Debug|x64
		{EC6B2964-DA20-46FC-AFE4-74DA6FEA6037}.Debug|x64.ActiveCfg = Debug|x64
		{EC6B2964-DA20-46FC-AFE4-74DA6FEA6037}.Debug|x64.Build.0 = Debug|x64
		{EC6B2964-DA20-46FC-AFE4-74DA6FEA6037}.Debug|x86.ActiveCfg = Debug|Win32
		{EC6B2964-DA20-46FC-AFE4-74DA6FEA6037}.Debug|x86.Build.0 = Debug|Win32
		{EC6B2964-DA20-46FC-AFE4-74DA6FEA6037}.Release|Any CPU.ActiveCfg = Release|x64
		{EC6B2964-DA20-46FC-AFE4-74DA6FEA6037}.Release|Any CPU.Build.0 = Release|x64
		{EC6B2964-DA20-46FC-AFE4-74DA6FEA6037}.Release|x64.ActiveCfg = Release|x64
		{EC6B2964-DA20-46FC-AFE4-74DA6FEA6037}.Release|x64.Build.0 = Release|x64
		{EC6B2964-DA20-46FC-AFE4-74DA6FEA6037}.Release|x86.ActiveCfg = Release|Win32
		{EC6B2964-DA20-46FC-AFE4-74DA6FEA6037}.Release|x86.Build.0 = Release|Win32
		{7710733D-45CC-4B49-92AE-D046165BC2B6}.Debug|Any CPU.ActiveCfg = Debug|x64
		{7710733D-45CC-4B49-92AE-D046165BC2B6}.Debug|Any CPU.Build.0 = Debug|x64
		{7710733D-45CC-4B49-92AE-D046165BC2B6}.Debug|x64.ActiveCfg = Debug|x64
		{7710733D-45CC-4B49-92AE-D046165BC2B6}.Debug|x64.Build.0 = Debug|x64
		{7710733D-45CC-4B49-92AE-D046165BC2B6}.Debug|x86.ActiveCfg = Debug|Win32
		{7710733D-45CC-4B49-92AE-D046165BC2B6}.Debug|x86.Build.0 = Debug|Win32
		{7710733D-45CC-4B49-92AE-D046165BC2B6}.Release|Any CPU.ActiveCfg = Release|x64
		{7710733D-45CC-4B49-92AE-D046165BC2B6}.Release|Any CPU.Build.0 = Release|x64
		{7710733D-45CC-4B49-92AE-D046165BC2B6}.Release|x64.ActiveCfg = Release|x64
		{7710733D-45CC-4B49-92AE-D046165BC2B6}.Release|x64.Build.0 = Release|x64
		{7710733D-45CC-4B49-92AE-D046165BC2B6}.Release|x86.ActiveCfg = Release|Win32
		{7710733D-45CC-4B49-92AE-D046165BC2B6}.Release|x86.Build.0 = Release|Win32
		{1F993518-6B05-4687-B304-ED2E7502187C}.Debug|Any CPU.ActiveCfg = Debug|x64
		{1F993518-6B05-4687-B304-ED2E7502187C}.Debug|Any CPU.Build.0 = Debug|x64
		{1F993518-6B05-4687-B304-ED2E7502187C}.Debug|x64.ActiveCfg = Debug|x64
		{1F993518-6B05-4687-B304-ED2E7502187C}.Debug|x64.Build.0 = Debug|x64
		{1F993518-6B05-4687-B304-ED2E7502187C}.Debug|x86.ActiveCfg = Debug|Win32
		{1F993518-6B05-4687-B304-ED2E7502187C}.Debug|x86.Build.0 = Debug|Win32
		{1F993518-6B05-4687-B304-ED2E7502187C}.Release|Any CPU.ActiveCfg = Release|x64
		{1F993518-6B05-4687-B304-ED2E7502187C}.Release|Any CPU.Build.0 = Release|x64
		{1F993518-6B05-4687-B304-ED2E7502187C}.Release|x64.ActiveCfg = Release|x64
		{1F993518-6B05-4687-B304-ED2E7502187C}.Release|x64.Build.0 = Release|x64
		{1F993518-6B05-4687-B304-ED2E7502187C}.Release|x86.ActiveCfg = Release|Win32
		{1F993518-6B05-4687-B304-ED2E7502187C}.Release|x86.Build.0 = Release|Win32
		{2BAE48B4-431C-496B-8360-7C7713B88F7C}.Debug|Any CPU.ActiveCfg = Debug|x64
		{2BAE48B4-431C-496B-8360-7C7713B88F7C}.Debug|Any CPU.Build.0 = Debug|x64
		{2BAE48B4-431C-496B-8360-7C7713B88F7C}.Debug|x64.ActiveCfg = Debug|x64
		{2BAE48B4-431C-496B-8360-7C7713B88F7C}.Debug|x64.Build.0 = Debug|x64
		{2BAE48B4-431C-496B-8360-7C7713B88F7C}.Debug|x86.ActiveCfg = Debug|Win32
		{2BAE48B4-431C-496B-8360-7C7713B88F7C}.Debug|x86.Build.0 = Debug|Win32
		{2BAE48B4-431C-496B-8360-7C7713B88F7C}.Release|Any CPU.ActiveCfg = Release|x64
		{2BAE48B4-431C-496B-8360-7C7713B88F7C}.Release|Any CPU.Build.0 = Release|x64
		{2BAE48B4-431C-496B-8360-7C7713B88F7C}.Release|x64.ActiveCfg = Release|x64
		{2BAE48B4-431C-496B-8360-7C7713B88F7C}.Release|x64.Build.0 = Release|x64
		{2BAE48B4-431C-496B-8360-7C7713B88F7C}.Release|x86.ActiveCfg = Release|Win32
		{2BAE48B4-431C-496B-8360-7C7713B88F7C}.Release|x86.Build.0 = Release|Win32
		{7403DEDE-CF89-4A63-A124-CC0D4F90633A}.Debug|Any CPU.ActiveCfg = Debug|x64
		{7403DEDE-CF89-4A63-A124-CC0D4F90633A}.Debug|Any CPU.Build.0 = Debug|x64
		{7403DEDE-CF89-4A63-A124-CC0D4F90633A}.Debug|x64.ActiveCfg = Debug|x64
		{7403DEDE-CF89-4A63-A124-CC0D4F90633A}.Debug|x64.Build.0 = Debug|x64
		{7403DEDE-CF89-4A63-A124-CC0D4F90633A}.Debug|x86.ActiveCfg = Debug|Win32
		{7403DEDE-CF89-4A63-A124-CC0D4F90633A}.Debug|x86.Build.0 = Debug|Win32
		{7403DEDE-CF89-4A63-A124-CC0D4F90633A}.Release|Any CPU.ActiveCfg = Release|x64
		{7403DEDE-CF89-4A63-A124-CC0D4F90633A}.Release|Any CPU.Build.0 = Release|x64
		{7403DEDE-CF89-4A63-A124-CC0D4F90633A}.Release|x64.ActiveCfg = Release|x64
		{7403DEDE-CF89-4A63-A124-CC0D4F90633A}.Release|x64.Build.0 = Release|x64
		{7403DEDE-CF89-4A63-A124-CC0D4F90633A}.Release|x86.ActiveCfg = Release|Win32
		{7403DEDE-CF89-4A63-A124-CC0D4F90633A}.Release|x86.Build.0 = Release|Win32
		{9B26A9EF-3F8B-429A-BFDD-CCE4A56603E9}.Debug|Any CPU.ActiveCfg = Debug|x64
		{9B26A9EF-3F8B-429A-BFDD-CCE4A56603E9}.Debug|Any CPU.Build.0 = Debug|x64
		{9B26A9EF-3F8B-429A-BFDD-CCE4A56603E9}.Debug|x64.ActiveCfg = Debug|x64
		{9B26A9EF-3F8B-429A-BFDD-CCE4A56603E9}.Debug|x64.Build.0 = Debug|x64
		{9B26A9EF-3F8B-429A-BFDD-CCE4A56603E9}.Debug|x86.ActiveCfg = Debug|Win32
		{9B26A9EF-3F8B-429A-BFDD-CCE4A56603E9}.Debug|x86.Build.0 = Debug|Win32
		{9B26A9EF-3F8B-429A-BFDD-CCE4A56603E9}.Release|Any CPU.ActiveCfg = Release|x64
		{9B26A9EF-3F8B-429A-BFDD-CCE4A56603E9}.Release|Any CPU.Build.0 = Release|x64
		{9B26A9EF-3F8B-429A-BFDD-CCE4A56603E9}.Release|x64.ActiveCfg = Release|x64
		{9B26A9EF-3F8B-429A-BFDD-CCE4A56603E9}.Release|x64.Build.0 = Release|x64
		{9B26A9EF-3F8B-429A-BFDD-CCE4A56603E9}.Release|x86.ActiveCfg = Release|Win32
		{9B26A9EF-3F8B-429A-BFDD-CCE4A56603E9}.Release|x86.Build.0 = Release|Win32
		{3C7F1AA5-E37E-4C9D-B9CB-AACEE380FA95}.Debug|Any CPU.ActiveCfg = Debug|x64
		{3C7F1AA5-E37E-4C9D-B9CB-AACEE380FA95}.Debug|Any CPU.Build.0 = Debug|x64
		{3C7F1AA5-E37E-4C9D-B9CB-AACEE380FA95}.Debug|x64.ActiveCfg = Debug|x64
		{3C7F1AA5-E37E-4C9D-B9CB-AACEE380FA95}.Debug|x64.Build.0 = Debug|x64
		{3C7F1AA5-E37E-4C9D-B9CB-AACEE380FA95}.Debug|x86.ActiveCfg = Debug|Win32
		{3C7F1AA5-E37E-4C9D-B9CB-AACEE380FA95}.Debug|x86.Build.0 = Debug|Win32
		{3C7F1AA5-E37E-4C9D-B9CB-AACEE380FA95}.Release|Any CPU.ActiveCfg = Release|x64
		{3C7F1AA5-E37E-4C9D-B9CB-AACEE380FA95}.Release|Any CPU.Build.0 = Release|x64
		{3C7F1AA5-E37E-4C9D-B9CB-AACEE380FA95}.Release|x64.ActiveCfg = Release|x64
		{3C7F1AA5-E37E-4C9D-B9CB-AACEE380FA95}.Release|x64.Build.0 = Release|x64
		{3C7F1AA5-E37E-4C9D-B9CB-AACEE380FA95}.Release|x86.ActiveCfg = Release|Win32
		{3C7F1AA5-E37E-4C9D-B9CB-AACEE380FA95}.Release|x86.Build.0 = Release|Win32
		{3E5AF665-5411-4DB0-BA65-E236F15E20AB}.Debug|Any CPU.ActiveCfg = Debug|x64
		{3E5AF665-5411-4DB0-BA65-E236F15E20AB}.Debug|Any CPU.Build.0 = Debug|x64
		{3E5AF665-5411-4DB0-BA65-E236F15E20AB}.Debug|x64.ActiveCfg = Debug|x64
		{3E5AF665-5411-4DB0-BA65-E236F15E20AB}.Debug|x64.Build.0 = Debug|x64
		{3E5AF665-5411-4DB0-BA65-E236F15E20AB}.Debug|x86.ActiveCfg = Debug|Win32
		{3E5AF665-5411-4DB0-BA65-E236F15E20AB}.Debug|x86.Build.0 = Debug|Win32
		{3E5AF665-5411-4DB0-BA65-E236F15E20AB}.Release|Any CPU.ActiveCfg = Release|x64
		{3E5AF665-5411-4DB0-BA65-E236F15E20AB}.Release|Any CPU.Build.0 = Release|x64
		{3E5AF665-5411-4DB0-BA65-E236F15E20AB}.Release|x64.ActiveCfg = Release|x64
		{3E5AF665-5411-4DB0-BA65-E236F15E20AB}.Release|x64.Build.0 = Release|x64
		{3E5AF665-5411-4DB0-BA65-E236F15E20AB}.Release|x86.ActiveCfg = Release|Win32
		{3E5AF665-5411-4DB0-BA65-E236F15E20AB}.Release|x86.Build.0 = Release|Win32
		{82A56E93-870B-4BDB-9EA2-F4E8C7B40390}.Debug|Any CPU.ActiveCfg = Debug|x64
		{82A56E93-870B-4BDB-9EA2-F4E8C7B40390}.Debug|Any CPU.Build.0 = Debug|x64
		{82A56E93-870B-4BDB-9EA2-F4E8C7B40390}.Debug|x64.ActiveCfg = Debug|x64
		{82A56E93-870B-4BDB-9EA2-F4E8C7B40390}.Debug|x64.Build.0 = Debug|x64
		{82A56E93-870B-4BDB-9EA2-F4E8C7B40390}.Debug|x86.ActiveCfg = Debug|Win32
		{82A56E93-870B-4BDB-9EA2-F4E8C7B40390}.Debug|x86.Build.0 = Debug|Win32
		{82A56E93-870B-4BDB-9EA2-F4E8C7B40390}.Release|Any CPU.ActiveCfg = Release|x64
		{82A56E93-870B-4BDB-9EA2-F4E8C7B40390}.Release|Any CPU.Build.0 = Release|x64
		{82A56E93-870B-4BDB-9EA2-F4E8C7B40390}.Release|x64.ActiveCfg = Release|x64
		{82A56E93-870B-4BDB-9EA2-F4E8C7B40390}.Release|x64.Build.0 = Release|x64
		{82A56E93-870B-4BDB-9EA2-F4E8C7B40390}.Release|x86.ActiveCfg = Release|Win32
		{82A56E93-870B-4BDB-9EA2-F4E8C7B40390}.Release|x86.Build.0 = Release|Win32
		{809B56D7-698D-4FE2-BE5D-CEE8B850752A}.Debug|Any CPU.ActiveCfg = Debug|x64
		{809B56D7-698D-4FE2-BE5D-CEE8B850752A}.Debug|Any CPU.Build.0 = Debug|x64
		{809B56D7-698D-4FE2-BE5D-CEE8B850752A}.Debug|x64.ActiveCfg = Debug|x64
		{809B56D7-698D-4FE2-BE5D-CEE8B850752A}.Debug|x64.Build.0 = Debug|x64
		{809B56D7-698D-4FE2-BE5D-CEE8B850752A}.Debug|x86.ActiveCfg = Debug|Win32
		{809B56D7-698D-4FE2-BE5D-CEE8B850752A}.Debug|x86.Build.0 = Debug|Win32
		{809B56D7-698D-4FE2-BE5D-CEE8B850752A}.Release|Any CPU.ActiveCfg = Release|x64
		{809B56D7-698D-4FE2-BE5D-CEE8B850752A}.Release|Any CPU.Build.0 = Release|x64
		{809B56D7-698D-4FE2-BE5D-CEE8B850752A}.Release|x64.ActiveCfg = Release|x64
		{809B56D7-698D-4FE2-BE5D-CEE8B850752A}.Release|x64.Build.0 = Release|x64
		{809B56D7-698D-4FE2-BE5D-CEE8B850752A}.Release|x86.ActiveCfg = Release|Win32
		{809B56D7-698D-4FE2-BE5D-CEE8B850752A}.Release|x86.Build.0 = Release|Win32
	EndGlobalSection
	GlobalSection(SolutionProperties) = preSolution
		HideSolutionNode = FALSE
	EndGlobalSection
	GlobalSection(ExtensibilityGlobals) = postSolution
		SolutionGuid = {BE284919-4C45-42C5-BE87-3AFA4D74614A}
	EndGlobalSection
EndGlobal
